{
  "name": "rakuxq-web-assets",
  "version": "0.4.2-alpha.1",
  "lockfileVersion": 3,
  "requires": true,
  "packages": {
    "": {
      "name": "rakuxq-web-assets",
      "version": "0.4.2-alpha.1",
      "dependencies": {
        "xiangqi.js": "https://github.com/lengyanyu258/xiangqi.js/archive/f9019ac2303d4b80ef0b82fd0515bfb55a80a62b.tar.gz"
      }
    },
    "node_modules/xiangqi.js": {
      "version": "0.5.2-dev",
      "resolved": "https://github.com/lengyanyu258/xiangqi.js/archive/f9019ac2303d4b80ef0b82fd0515bfb55a80a62b.tar.gz",
      "integrity": "sha512-LsiXbOyXL/z2GtiCOy0utTfIcm6+jrlpzQYy24WZuZOR4ts+aGgidt1HWg/k9Xw3OgOd9dMQpbPfrmLYTzU31g==",
      "license": "BSD-2-Clause"
    }
  }
}
